{
    "name": "node-red-project",
    "version": "0.0.1",
    "lockfileVersion": 1,
    "requires": true,
    "dependencies": {
        "node-red-contrib-fs-ops": {
            "version": "1.5.0",
            "resolved": "https://registry.npmjs.org/node-red-contrib-fs-ops/-/node-red-contrib-fs-ops-1.5.0.tgz",
            "integrity": "sha512-HZj/mGVE22X9Wgius4NHiVcyYQ0WORK7yOYZQcq6de8GmOe0xcNa0wiGXinsIe+/O+m9yBp7ihTiv4/LCLcCFw=="
        },
        "node-red-contrib-image-output": {
            "version": "0.4.3",
            "resolved": "https://registry.npmjs.org/node-red-contrib-image-output/-/node-red-contrib-image-output-0.4.3.tgz",
            "integrity": "sha512-GRsr23ykGjRH1Yi+y9VOJvy8cvEgWgo0wiXjNZhfeEDfcYd4AT6H2tpOzk8lne0t/MWwQ/LULo5HHd95QN648g=="
        }
    }
}
